
Microsoft Visual Studio Solution File, Format Version 12.00
# Visual Studio Version 16
VisualStudioVersion = 16.0.29613.14
MinimumVisualStudioVersion = 10.0.40219.1
Project("{FAE04EC0-301F-11D3-BF4B-00C04F79EFBC}") = "Installer", "Installer\Installer.csproj", "{4128DD9F-1E6F-4221-8B03-C7307CEDFEA0}"
EndProject
Global
	GlobalSection(SolutionConfigurationPlatforms) = preSolution
		Debug|Any CPU = Debug|Any CPU
		Release|Any CPU = Release|Any CPU
	EndGlobalSection
	GlobalSection(ProjectConfigurationPlatforms) = postSolution
		{4128DD9F-1E6F-4221-8B03-C7307CEDFEA0}.Debug|Any CPU.ActiveCfg = Debug|Any CPU
		{4128DD9F-1E6F-4221-8B03-C7307CEDFEA0}.Debug|Any CPU.Build.0 = Debug|Any CPU
		{4128DD9F-1E6F-4221-8B03-C7307CEDFEA0}.Release|Any CPU.ActiveCfg = Release|Any CPU
		{4128DD9F-1E6F-4221-8B03-C7307CEDFEA0}.Release|Any CPU.Build.0 = Release|Any CPU
	EndGlobalSection
	GlobalSection(SolutionProperties) = preSolution
		HideSolutionNode = FALSE
	EndGlobalSection
	GlobalSection(ExtensibilityGlobals) = postSolution
		SolutionGuid = {7286732E-0051-434C-BD83-B7DA6745BBF6}
	EndGlobalSection
EndGlobal
